
Microsoft Visual Studio Solution File, Format Version 12.00
# Visual Studio Version 17
VisualStudioVersion = 17.10.35027.167
MinimumVisualStudioVersion = 10.0.40219.1
Project("{FAE04EC0-301F-11D3-BF4B-00C04F79EFBC}") = "Deforestation", "Deforestation.csproj", "{6012FFEB-23EE-4103-B715-8203CBA4ADA0}"
EndProject
Global
	GlobalSection(SolutionConfigurationPlatforms) = preSolution
		Debug|Any CPU = Debug|Any CPU
		Release|Any CPU = Release|Any CPU
	EndGlobalSection
	GlobalSection(ProjectConfigurationPlatforms) = postSolution
		{6012FFEB-23EE-4103-B715-8203CBA4ADA0}.Debug|Any CPU.ActiveCfg = Debug|Any CPU
		{6012FFEB-23EE-4103-B715-8203CBA4ADA0}.Debug|Any CPU.Build.0 = Debug|Any CPU
		{6012FFEB-23EE-4103-B715-8203CBA4ADA0}.Release|Any CPU.ActiveCfg = Release|Any CPU
		{6012FFEB-23EE-4103-B715-8203CBA4ADA0}.Release|Any CPU.Build.0 = Release|Any CPU
	EndGlobalSection
	GlobalSection(SolutionProperties) = preSolution
		HideSolutionNode = FALSE
	EndGlobalSection
	GlobalSection(ExtensibilityGlobals) = postSolution
		SolutionGuid = {C49239F8-078A-4F1F-A849-AF06CBA49461}
	EndGlobalSection
EndGlobal
